
Microsoft Visual Studio Solution File, Format Version 12.00
# Visual Studio 15
VisualStudioVersion = 15.0.26730.16
MinimumVisualStudioVersion = 10.0.40219.1
Project("{FAE04EC0-301F-11D3-BF4B-00C04F79EFBC}") = "ProxyParaCameras", "ProxyParaCameras\ProxyParaCameras.csproj", "{FF0D82F5-3A0A-45AA-A87C-6C4052E4DA5C}"
EndProject
Global
	GlobalSection(SolutionConfigurationPlatforms) = preSolution
		Debug|Any CPU = Debug|Any CPU
		Release|Any CPU = Release|Any CPU
	EndGlobalSection
	GlobalSection(ProjectConfigurationPlatforms) = postSolution
		{FF0D82F5-3A0A-45AA-A87C-6C4052E4DA5C}.Debug|Any CPU.ActiveCfg = Debug|Any CPU
		{FF0D82F5-3A0A-45AA-A87C-6C4052E4DA5C}.Debug|Any CPU.Build.0 = Debug|Any CPU
		{FF0D82F5-3A0A-45AA-A87C-6C4052E4DA5C}.Release|Any CPU.ActiveCfg = Release|Any CPU
		{FF0D82F5-3A0A-45AA-A87C-6C4052E4DA5C}.Release|Any CPU.Build.0 = Release|Any CPU
	EndGlobalSection
	GlobalSection(SolutionProperties) = preSolution
		HideSolutionNode = FALSE
	EndGlobalSection
	GlobalSection(ExtensibilityGlobals) = postSolution
		SolutionGuid = {87B523D5-5D8C-40CB-9AF2-DEF063E02689}
	EndGlobalSection
EndGlobal
